
Microsoft Visual Studio Solution File, Format Version 12.00
# Visual Studio Version 17
VisualStudioVersion = 17.5.002.0
MinimumVisualStudioVersion = 10.0.40219.1
Project("{9A19103F-16F7-4668-BE54-9A1E7A4F7556}") = "ProjectCatalog", "ProjectCatalog.csproj", "{537D085D-CA58-4AA0-9DA6-088A36930E79}"
EndProject
Global
	GlobalSection(SolutionConfigurationPlatforms) = preSolution
		Debug|Any CPU = Debug|Any CPU
		Release|Any CPU = Release|Any CPU
	EndGlobalSection
	GlobalSection(ProjectConfigurationPlatforms) = postSolution
		{537D085D-CA58-4AA0-9DA6-088A36930E79}.Debug|Any CPU.ActiveCfg = Debug|Any CPU
		{537D085D-CA58-4AA0-9DA6-088A36930E79}.Debug|Any CPU.Build.0 = Debug|Any CPU
		{537D085D-CA58-4AA0-9DA6-088A36930E79}.Release|Any CPU.ActiveCfg = Release|Any CPU
		{537D085D-CA58-4AA0-9DA6-088A36930E79}.Release|Any CPU.Build.0 = Release|Any CPU
	EndGlobalSection
	GlobalSection(SolutionProperties) = preSolution
		HideSolutionNode = FALSE
	EndGlobalSection
	GlobalSection(ExtensibilityGlobals) = postSolution
		SolutionGuid = {E2A758CB-66AC-4B15-BDCF-A9985F9660A3}
	EndGlobalSection
EndGlobal
